
Microsoft Visual Studio Solution File, Format Version 12.00
# Visual Studio Version 17
VisualStudioVersion = 17.0.31903.59
MinimumVisualStudioVersion = 10.0.40219.1
Project("{2150E333-8FDC-42A3-9474-1A3956D46DE8}") = "src", "src", "{827E0CD3-B72D-47B6-A68D-7590B98EB39B}"
EndProject
Project("{FAE04EC0-301F-11D3-BF4B-00C04F79EFBC}") = "MobileShop.Api", "src\MobileShop.Api\MobileShop.Api.csproj", "{46E29C9E-3F14-408F-96CC-31A12411FCB7}"
EndProject
Project("{FAE04EC0-301F-11D3-BF4B-00C04F79EFBC}") = "MobileShop.Application", "src\MobileShop.Application\MobileShop.Application.csproj", "{ECB0260B-83F1-452E-A9D7-1394951946BD}"
EndProject
Project("{FAE04EC0-301F-11D3-BF4B-00C04F79EFBC}") = "MobileShop.Domain", "src\MobileShop.Domain\MobileShop.Domain.csproj", "{02A7FB90-4F71-4C74-96C1-990668FD2F7F}"
EndProject
Project("{FAE04EC0-301F-11D3-BF4B-00C04F79EFBC}") = "MobileShop.Infrastructure", "src\MobileShop.Infrastructure\MobileShop.Infrastructure.csproj", "{B1D39D4B-5CE9-44F0-BE21-6887EBFBC0F1}"
EndProject
Project("{FAE04EC0-301F-11D3-BF4B-00C04F79EFBC}") = "MobileShop.Common", "src\MobileShop.Common\MobileShop.Common.csproj", "{D3129772-103C-4D81-84AF-3E4F3A503A64}"
EndProject
Project("{FAE04EC0-301F-11D3-BF4B-00C04F79EFBC}") = "MobileShop.UnitTests", "tests\MobileShop.UnitTests\MobileShop.UnitTests.csproj", "{BBDB6C5B-8E57-422E-90B1-20CB0994765C}"
EndProject
Project("{FAE04EC0-301F-11D3-BF4B-00C04F79EFBC}") = "MobileShop.IntegrationTests", "tests\MobileShop.IntegrationTests\MobileShop.IntegrationTests.csproj", "{634BAFF8-E9A5-452B-9753-1CCB035AF72D}"
EndProject
Global
	GlobalSection(SolutionConfigurationPlatforms) = preSolution
		Debug|Any CPU = Debug|Any CPU
		Debug|x64 = Debug|x64
		Debug|x86 = Debug|x86
		Release|Any CPU = Release|Any CPU
		Release|x64 = Release|x64
		Release|x86 = Release|x86
	EndGlobalSection
	GlobalSection(ProjectConfigurationPlatforms) = postSolution
		{46E29C9E-3F14-408F-96CC-31A12411FCB7}.Debug|Any CPU.ActiveCfg = Debug|Any CPU
		{46E29C9E-3F14-408F-96CC-31A12411FCB7}.Debug|Any CPU.Build.0 = Debug|Any CPU
		{46E29C9E-3F14-408F-96CC-31A12411FCB7}.Debug|x64.ActiveCfg = Debug|Any CPU
		{46E29C9E-3F14-408F-96CC-31A12411FCB7}.Debug|x64.Build.0 = Debug|Any CPU
		{46E29C9E-3F14-408F-96CC-31A12411FCB7}.Debug|x86.ActiveCfg = Debug|Any CPU
		{46E29C9E-3F14-408F-96CC-31A12411FCB7}.Debug|x86.Build.0 = Debug|Any CPU
		{46E29C9E-3F14-408F-96CC-31A12411FCB7}.Release|Any CPU.ActiveCfg = Release|Any CPU
		{46E29C9E-3F14-408F-96CC-31A12411FCB7}.Release|Any CPU.Build.0 = Release|Any CPU
		{46E29C9E-3F14-408F-96CC-31A12411FCB7}.Release|x64.ActiveCfg = Release|Any CPU
		{46E29C9E-3F14-408F-96CC-31A12411FCB7}.Release|x64.Build.0 = Release|Any CPU
		{46E29C9E-3F14-408F-96CC-31A12411FCB7}.Release|x86.ActiveCfg = Release|Any CPU
		{46E29C9E-3F14-408F-96CC-31A12411FCB7}.Release|x86.Build.0 = Release|Any CPU
		{ECB0260B-83F1-452E-A9D7-1394951946BD}.Debug|Any CPU.ActiveCfg = Debug|Any CPU
		{ECB0260B-83F1-452E-A9D7-1394951946BD}.Debug|Any CPU.Build.0 = Debug|Any CPU
		{ECB0260B-83F1-452E-A9D7-1394951946BD}.Debug|x64.ActiveCfg = Debug|Any CPU
		{ECB0260B-83F1-452E-A9D7-1394951946BD}.Debug|x64.Build.0 = Debug|Any CPU
		{ECB0260B-83F1-452E-A9D7-1394951946BD}.Debug|x86.ActiveCfg = Debug|Any CPU
		{ECB0260B-83F1-452E-A9D7-1394951946BD}.Debug|x86.Build.0 = Debug|Any CPU
		{ECB0260B-83F1-452E-A9D7-1394951946BD}.Release|Any CPU.ActiveCfg = Release|Any CPU
		{ECB0260B-83F1-452E-A9D7-1394951946BD}.Release|Any CPU.Build.0 = Release|Any CPU
		{ECB0260B-83F1-452E-A9D7-1394951946BD}.Release|x64.ActiveCfg = Release|Any CPU
		{ECB0260B-83F1-452E-A9D7-1394951946BD}.Release|x64.Build.0 = Release|Any CPU
		{ECB0260B-83F1-452E-A9D7-1394951946BD}.Release|x86.ActiveCfg = Release|Any CPU
		{ECB0260B-83F1-452E-A9D7-1394951946BD}.Release|x86.Build.0 = Release|Any CPU
		{02A7FB90-4F71-4C74-96C1-990668FD2F7F}.Debug|Any CPU.ActiveCfg = Debug|Any CPU
		{02A7FB90-4F71-4C74-96C1-990668FD2F7F}.Debug|Any CPU.Build.0 = Debug|Any CPU
		{02A7FB90-4F71-4C74-96C1-990668FD2F7F}.Debug|x64.ActiveCfg = Debug|Any CPU
		{02A7FB90-4F71-4C74-96C1-990668FD2F7F}.Debug|x64.Build.0 = Debug|Any CPU
		{02A7FB90-4F71-4C74-96C1-990668FD2F7F}.Debug|x86.ActiveCfg = Debug|Any CPU
		{02A7FB90-4F71-4C74-96C1-990668FD2F7F}.Debug|x86.Build.0 = Debug|Any CPU
		{02A7FB90-4F71-4C74-96C1-990668FD2F7F}.Release|Any CPU.ActiveCfg = Release|Any CPU
		{02A7FB90-4F71-4C74-96C1-990668FD2F7F}.Release|Any CPU.Build.0 = Release|Any CPU
		{02A7FB90-4F71-4C74-96C1-990668FD2F7F}.Release|x64.ActiveCfg = Release|Any CPU
		{02A7FB90-4F71-4C74-96C1-990668FD2F7F}.Release|x64.Build.0 = Release|Any CPU
		{02A7FB90-4F71-4C74-96C1-990668FD2F7F}.Release|x86.ActiveCfg = Release|Any CPU
		{02A7FB90-4F71-4C74-96C1-990668FD2F7F}.Release|x86.Build.0 = Release|Any CPU
		{B1D39D4B-5CE9-44F0-BE21-6887EBFBC0F1}.Debug|Any CPU.ActiveCfg = Debug|Any CPU
		{B1D39D4B-5CE9-44F0-BE21-6887EBFBC0F1}.Debug|Any CPU.Build.0 = Debug|Any CPU
		{B1D39D4B-5CE9-44F0-BE21-6887EBFBC0F1}.Debug|x64.ActiveCfg = Debug|Any CPU
		{B1D39D4B-5CE9-44F0-BE21-6887EBFBC0F1}.Debug|x64.Build.0 = Debug|Any CPU
		{B1D39D4B-5CE9-44F0-BE21-6887EBFBC0F1}.Debug|x86.ActiveCfg = Debug|Any CPU
		{B1D39D4B-5CE9-44F0-BE21-6887EBFBC0F1}.Debug|x86.Build.0 = Debug|Any CPU
		{B1D39D4B-5CE9-44F0-BE21-6887EBFBC0F1}.Release|Any CPU.ActiveCfg = Release|Any CPU
		{B1D39D4B-5CE9-44F0-BE21-6887EBFBC0F1}.Release|Any CPU.Build.0 = Release|Any CPU
		{B1D39D4B-5CE9-44F0-BE21-6887EBFBC0F1}.Release|x64.ActiveCfg = Release|Any CPU
		{B1D39D4B-5CE9-44F0-BE21-6887EBFBC0F1}.Release|x64.Build.0 = Release|Any CPU
		{B1D39D4B-5CE9-44F0-BE21-6887EBFBC0F1}.Release|x86.ActiveCfg = Release|Any CPU
		{B1D39D4B-5CE9-44F0-BE21-6887EBFBC0F1}.Release|x86.Build.0 = Release|Any CPU
		{D3129772-103C-4D81-84AF-3E4F3A503A64}.Debug|Any CPU.ActiveCfg = Debug|Any CPU
		{D3129772-103C-4D81-84AF-3E4F3A503A64}.Debug|Any CPU.Build.0 = Debug|Any CPU
		{D3129772-103C-4D81-84AF-3E4F3A503A64}.Debug|x64.ActiveCfg = Debug|Any CPU
		{D3129772-103C-4D81-84AF-3E4F3A503A64}.Debug|x64.Build.0 = Debug|Any CPU
		{D3129772-103C-4D81-84AF-3E4F3A503A64}.Debug|x86.ActiveCfg = Debug|Any CPU
		{D3129772-103C-4D81-84AF-3E4F3A503A64}.Debug|x86.Build.0 = Debug|Any CPU
		{D3129772-103C-4D81-84AF-3E4F3A503A64}.Release|Any CPU.ActiveCfg = Release|Any CPU
		{D3129772-103C-4D81-84AF-3E4F3A503A64}.Release|Any CPU.Build.0 = Release|Any CPU
		{D3129772-103C-4D81-84AF-3E4F3A503A64}.Release|x64.ActiveCfg = Release|Any CPU
		{D3129772-103C-4D81-84AF-3E4F3A503A64}.Release|x64.Build.0 = Release|Any CPU
		{D3129772-103C-4D81-84AF-3E4F3A503A64}.Release|x86.ActiveCfg = Release|Any CPU
		{D3129772-103C-4D81-84AF-3E4F3A503A64}.Release|x86.Build.0 = Release|Any CPU
		{BBDB6C5B-8E57-422E-90B1-20CB0994765C}.Debug|Any CPU.ActiveCfg = Debug|Any CPU
		{BBDB6C5B-8E57-422E-90B1-20CB0994765C}.Debug|Any CPU.Build.0 = Debug|Any CPU
		{BBDB6C5B-8E57-422E-90B1-20CB0994765C}.Debug|x64.ActiveCfg = Debug|Any CPU
		{BBDB6C5B-8E57-422E-90B1-20CB0994765C}.Debug|x64.Build.0 = Debug|Any CPU
		{BBDB6C5B-8E57-422E-90B1-20CB0994765C}.Debug|x86.ActiveCfg = Debug|Any CPU
		{BBDB6C5B-8E57-422E-90B1-20CB0994765C}.Debug|x86.Build.0 = Debug|Any CPU
		{BBDB6C5B-8E57-422E-90B1-20CB0994765C}.Release|Any CPU.ActiveCfg = Release|Any CPU
		{BBDB6C5B-8E57-422E-90B1-20CB0994765C}.Release|Any CPU.Build.0 = Release|Any CPU
		{BBDB6C5B-8E57-422E-90B1-20CB0994765C}.Release|x64.ActiveCfg = Release|Any CPU
		{BBDB6C5B-8E57-422E-90B1-20CB0994765C}.Release|x64.Build.0 = Release|Any CPU
		{BBDB6C5B-8E57-422E-90B1-20CB0994765C}.Release|x86.ActiveCfg = Release|Any CPU
		{BBDB6C5B-8E57-422E-90B1-20CB0994765C}.Release|x86.Build.0 = Release|Any CPU
		{634BAFF8-E9A5-452B-9753-1CCB035AF72D}.Debug|Any CPU.ActiveCfg = Debug|Any CPU
		{634BAFF8-E9A5-452B-9753-1CCB035AF72D}.Debug|Any CPU.Build.0 = Debug|Any CPU
		{634BAFF8-E9A5-452B-9753-1CCB035AF72D}.Debug|x64.ActiveCfg = Debug|Any CPU
		{634BAFF8-E9A5-452B-9753-1CCB035AF72D}.Debug|x64.Build.0 = Debug|Any CPU
		{634BAFF8-E9A5-452B-9753-1CCB035AF72D}.Debug|x86.ActiveCfg = Debug|Any CPU
		{634BAFF8-E9A5-452B-9753-1CCB035AF72D}.Debug|x86.Build.0 = Debug|Any CPU
		{634BAFF8-E9A5-452B-9753-1CCB035AF72D}.Release|Any CPU.ActiveCfg = Release|Any CPU
		{634BAFF8-E9A5-452B-9753-1CCB035AF72D}.Release|Any CPU.Build.0 = Release|Any CPU
		{634BAFF8-E9A5-452B-9753-1CCB035AF72D}.Release|x64.ActiveCfg = Release|Any CPU
		{634BAFF8-E9A5-452B-9753-1CCB035AF72D}.Release|x64.Build.0 = Release|Any CPU
		{634BAFF8-E9A5-452B-9753-1CCB035AF72D}.Release|x86.ActiveCfg = Release|Any CPU
		{634BAFF8-E9A5-452B-9753-1CCB035AF72D}.Release|x86.Build.0 = Release|Any CPU
	EndGlobalSection
	GlobalSection(SolutionProperties) = preSolution
		HideSolutionNode = FALSE
	EndGlobalSection
	GlobalSection(NestedProjects) = preSolution
		{46E29C9E-3F14-408F-96CC-31A12411FCB7} = {827E0CD3-B72D-47B6-A68D-7590B98EB39B}
		{ECB0260B-83F1-452E-A9D7-1394951946BD} = {827E0CD3-B72D-47B6-A68D-7590B98EB39B}
		{02A7FB90-4F71-4C74-96C1-990668FD2F7F} = {827E0CD3-B72D-47B6-A68D-7590B98EB39B}
		{B1D39D4B-5CE9-44F0-BE21-6887EBFBC0F1} = {827E0CD3-B72D-47B6-A68D-7590B98EB39B}
		{D3129772-103C-4D81-84AF-3E4F3A503A64} = {827E0CD3-B72D-47B6-A68D-7590B98EB39B}
		{BBDB6C5B-8E57-422E-90B1-20CB0994765C} = {827E0CD3-B72D-47B6-A68D-7590B98EB39B}
		{634BAFF8-E9A5-452B-9753-1CCB035AF72D} = {827E0CD3-B72D-47B6-A68D-7590B98EB39B}
	EndGlobalSection
EndGlobal
